// !$*UTF8*$!
{
	archiveVersion = 1;
	classes = {
	};
	objectVersion = 46;
	objects = {

/* Begin PBXBuildFile section */
		A9047ECC1DF03A4F0057BCCE /* UIBarBackgroundView.m in Sources */ = {isa = PBXBuildFile; fileRef = A9047EC91DF03A4F0057BCCE /* UIBarBackgroundView.m */; };
		A907EC141DEECE7A00D8C5CF /* main.m in Sources */ = {isa = PBXBuildFile; fileRef = A907EC131DEECE7A00D8C5CF /* main.m */; };
		A907EC1D1DEECE7A00D8C5CF /* Main.storyboard in Resources */ = {isa = PBXBuildFile; fileRef = A907EC1B1DEECE7A00D8C5CF /* Main.storyboard */; };
		A907EC1F1DEECE7A00D8C5CF /* Assets.xcassets in Resources */ = {isa = PBXBuildFile; fileRef = A907EC1E1DEECE7A00D8C5CF /* Assets.xcassets */; };
		A907EC221DEECE7A00D8C5CF /* LaunchScreen.storyboard in Resources */ = {isa = PBXBuildFile; fileRef = A907EC201DEECE7A00D8C5CF /* LaunchScreen.storyboard */; };
		A907EC2D1DEECE7A00D8C5CF /* PageSwitchViewTests.m in Sources */ = {isa = PBXBuildFile; fileRef = A907EC2C1DEECE7A00D8C5CF /* PageSwitchViewTests.m */; };
		A907EC381DEECE7A00D8C5CF /* PageSwitchViewUITests.m in Sources */ = {isa = PBXBuildFile; fileRef = A907EC371DEECE7A00D8C5CF /* PageSwitchViewUITests.m */; };
		A907EC721DEECEAF00D8C5CF /* AppDelegate.m in Sources */ = {isa = PBXBuildFile; fileRef = A907EC461DEECEAF00D8C5CF /* AppDelegate.m */; };
		A907EC731DEECEAF00D8C5CF /* ScrollViewController.m in Sources */ = {isa = PBXBuildFile; fileRef = A907EC481DEECEAF00D8C5CF /* ScrollViewController.m */; };
		A907EC741DEECEAF00D8C5CF /* SimpleViewController.m in Sources */ = {isa = PBXBuildFile; fileRef = A907EC4A1DEECEAF00D8C5CF /* SimpleViewController.m */; };
		A907EC801DEECEAF00D8C5CF /* TableViewController.m in Sources */ = {isa = PBXBuildFile; fileRef = A907EC6D1DEECEAF00D8C5CF /* TableViewController.m */; };
		A907EC811DEECEAF00D8C5CF /* TwoScrollViewController.m in Sources */ = {isa = PBXBuildFile; fileRef = A907EC6F1DEECEAF00D8C5CF /* TwoScrollViewController.m */; };
		A907EC821DEECEAF00D8C5CF /* ViewController.m in Sources */ = {isa = PBXBuildFile; fileRef = A907EC711DEECEAF00D8C5CF /* ViewController.m */; };
		A907ECA41DEECECD00D8C5CF /* UIGestureRecognizer+Group.m in Sources */ = {isa = PBXBuildFile; fileRef = A907EC861DEECECD00D8C5CF /* UIGestureRecognizer+Group.m */; };
		A907ECA51DEECECD00D8C5CF /* GradientColor.m in Sources */ = {isa = PBXBuildFile; fileRef = A907EC8A1DEECECD00D8C5CF /* GradientColor.m */; };
		A907ECA61DEECECD00D8C5CF /* PageSwitchItem.m in Sources */ = {isa = PBXBuildFile; fileRef = A907EC8C1DEECECD00D8C5CF /* PageSwitchItem.m */; };
		A907ECAB1DEECECD00D8C5CF /* DelegateInterceptor.m in Sources */ = {isa = PBXBuildFile; fileRef = A907EC9A1DEECECD00D8C5CF /* DelegateInterceptor.m */; };
		A907ECC21DEED09400D8C5CF /* HorizontalTableView.m in Sources */ = {isa = PBXBuildFile; fileRef = A907ECB51DEED09400D8C5CF /* HorizontalTableView.m */; };
		A907ECC31DEED09400D8C5CF /* SegmentTableView.m in Sources */ = {isa = PBXBuildFile; fileRef = A907ECB81DEED09400D8C5CF /* SegmentTableView.m */; };
		A907ECC41DEED09400D8C5CF /* StretchingHeaderView.m in Sources */ = {isa = PBXBuildFile; fileRef = A907ECBB1DEED09400D8C5CF /* StretchingHeaderView.m */; };
		A907ECC51DEED09400D8C5CF /* TwoScrollView.m in Sources */ = {isa = PBXBuildFile; fileRef = A907ECBE1DEED09400D8C5CF /* TwoScrollView.m */; };
		A907ECC61DEED09400D8C5CF /* UIContentView.m in Sources */ = {isa = PBXBuildFile; fileRef = A907ECC11DEED09400D8C5CF /* UIContentView.m */; };
		A909086C1DF8021A00B3447C /* LICENSE in Resources */ = {isa = PBXBuildFile; fileRef = A90908361DF8021A00B3447C /* LICENSE */; };
		A909086D1DF8021A00B3447C /* MJRefreshAutoFooter.m in Sources */ = {isa = PBXBuildFile; fileRef = A909083A1DF8021A00B3447C /* MJRefreshAutoFooter.m */; };
		A909086E1DF8021A00B3447C /* MJRefreshBackFooter.m in Sources */ = {isa = PBXBuildFile; fileRef = A909083C1DF8021A00B3447C /* MJRefreshBackFooter.m */; };
		A909086F1DF8021A00B3447C /* MJRefreshComponent.m in Sources */ = {isa = PBXBuildFile; fileRef = A909083E1DF8021A00B3447C /* MJRefreshComponent.m */; };
		A90908701DF8021A00B3447C /* MJRefreshFooter.m in Sources */ = {isa = PBXBuildFile; fileRef = A90908401DF8021A00B3447C /* MJRefreshFooter.m */; };
		A90908711DF8021A00B3447C /* MJRefreshHeader.m in Sources */ = {isa = PBXBuildFile; fileRef = A90908421DF8021A00B3447C /* MJRefreshHeader.m */; };
		A90908721DF8021A00B3447C /* MJRefreshAutoGifFooter.m in Sources */ = {isa = PBXBuildFile; fileRef = A90908471DF8021A00B3447C /* MJRefreshAutoGifFooter.m */; };
		A90908731DF8021A00B3447C /* MJRefreshAutoNormalFooter.m in Sources */ = {isa = PBXBuildFile; fileRef = A90908491DF8021A00B3447C /* MJRefreshAutoNormalFooter.m */; };
		A90908741DF8021A00B3447C /* MJRefreshAutoStateFooter.m in Sources */ = {isa = PBXBuildFile; fileRef = A909084B1DF8021A00B3447C /* MJRefreshAutoStateFooter.m */; };
		A90908751DF8021A00B3447C /* MJRefreshBackGifFooter.m in Sources */ = {isa = PBXBuildFile; fileRef = A909084E1DF8021A00B3447C /* MJRefreshBackGifFooter.m */; };
		A90908761DF8021A00B3447C /* MJRefreshBackNormalFooter.m in Sources */ = {isa = PBXBuildFile; fileRef = A90908501DF8021A00B3447C /* MJRefreshBackNormalFooter.m */; };
		A90908771DF8021A00B3447C /* MJRefreshBackStateFooter.m in Sources */ = {isa = PBXBuildFile; fileRef = A90908521DF8021A00B3447C /* MJRefreshBackStateFooter.m */; };
		A90908781DF8021A00B3447C /* MJRefreshGifHeader.m in Sources */ = {isa = PBXBuildFile; fileRef = A90908551DF8021A00B3447C /* MJRefreshGifHeader.m */; };
		A90908791DF8021A00B3447C /* MJRefreshNormalHeader.m in Sources */ = {isa = PBXBuildFile; fileRef = A90908571DF8021A00B3447C /* MJRefreshNormalHeader.m */; };
		A909087A1DF8021A00B3447C /* MJRefreshStateHeader.m in Sources */ = {isa = PBXBuildFile; fileRef = A90908591DF8021A00B3447C /* MJRefreshStateHeader.m */; };
		A909087B1DF8021A00B3447C /* MJRefresh.bundle in Resources */ = {isa = PBXBuildFile; fileRef = A909085A1DF8021A00B3447C /* MJRefresh.bundle */; };
		A909087C1DF8021A00B3447C /* MJRefreshConst.m in Sources */ = {isa = PBXBuildFile; fileRef = A909085D1DF8021A00B3447C /* MJRefreshConst.m */; };
		A909087D1DF8021A00B3447C /* NSBundle+MJRefresh.m in Sources */ = {isa = PBXBuildFile; fileRef = A909085F1DF8021A00B3447C /* NSBundle+MJRefresh.m */; };
		A909087E1DF8021A00B3447C /* UIScrollView+MJExtension.m in Sources */ = {isa = PBXBuildFile; fileRef = A90908611DF8021A00B3447C /* UIScrollView+MJExtension.m */; };
		A909087F1DF8021A00B3447C /* UIScrollView+MJRefresh.m in Sources */ = {isa = PBXBuildFile; fileRef = A90908631DF8021A00B3447C /* UIScrollView+MJRefresh.m */; };
		A90908801DF8021A00B3447C /* UIView+MJExtension.m in Sources */ = {isa = PBXBuildFile; fileRef = A90908651DF8021A00B3447C /* UIView+MJExtension.m */; };
		A90908811DF8021A00B3447C /* README.md in Sources */ = {isa = PBXBuildFile; fileRef = A90908661DF8021A00B3447C /* README.md */; };
		A90908821DF8021A00B3447C /* NCMutableArray.m in Sources */ = {isa = PBXBuildFile; fileRef = A90908691DF8021A00B3447C /* NCMutableArray.m */; };
		A90908831DF8021A00B3447C /* RefresDataArray.m in Sources */ = {isa = PBXBuildFile; fileRef = A909086B1DF8021A00B3447C /* RefresDataArray.m */; };
		A90908851DF81AD300B3447C /* UIContentViewCell.m in Sources */ = {isa = PBXBuildFile; fileRef = A90908841DF81AD300B3447C /* UIContentViewCell.m */; };
		A909088F1DF824B200B3447C /* ViewController2tab.m in Sources */ = {isa = PBXBuildFile; fileRef = A909088E1DF824B200B3447C /* ViewController2tab.m */; };
		A92127D21DFEB916002603C1 /* CFunction.m in Sources */ = {isa = PBXBuildFile; fileRef = A92127D11DFEB916002603C1 /* CFunction.m */; };
		A95912051DFA8BA700579F43 /* SimplePageSwitchViewController.m in Sources */ = {isa = PBXBuildFile; fileRef = A95912041DFA8BA700579F43 /* SimplePageSwitchViewController.m */; };
		A95912081DFAA82000579F43 /* _SegmentTableViewCell.m in Sources */ = {isa = PBXBuildFile; fileRef = A95912071DFAA82000579F43 /* _SegmentTableViewCell.m */; };
		A981F7D51DF132E6002A44D6 /* UINavigationBar+Background.m in Sources */ = {isa = PBXBuildFile; fileRef = A981F7D41DF132E6002A44D6 /* UINavigationBar+Background.m */; };
		A99EE6B01DF64AC70032D271 /* PSViewController.m in Sources */ = {isa = PBXBuildFile; fileRef = A99EE6AF1DF64AC70032D271 /* PSViewController.m */; };
		A99EE6B31DF653CD0032D271 /* UIScrollView+Other.m in Sources */ = {isa = PBXBuildFile; fileRef = A99EE6B21DF653CD0032D271 /* UIScrollView+Other.m */; };
		A99F6AF61DF2A4D200919A81 /* NavigationBarTitleView.m in Sources */ = {isa = PBXBuildFile; fileRef = A99F6AF51DF2A4D200919A81 /* NavigationBarTitleView.m */; };
		A99F6B481DF43F1E00919A81 /* UIViewController+FullScreen.m in Sources */ = {isa = PBXBuildFile; fileRef = A99F6B471DF43F1E00919A81 /* UIViewController+FullScreen.m */; };
		A99F6B501DF4598700919A81 /* PageSwitchView.m in Sources */ = {isa = PBXBuildFile; fileRef = A99F6B4E1DF4598700919A81 /* PageSwitchView.m */; };
		A99F6B531DF459DE00919A81 /* PageSwitchViewController.m in Sources */ = {isa = PBXBuildFile; fileRef = A99F6B521DF459DE00919A81 /* PageSwitchViewController.m */; };
		A99F6B561DF45A1100919A81 /* PageSwitchItemViewController.m in Sources */ = {isa = PBXBuildFile; fileRef = A99F6B551DF45A1100919A81 /* PageSwitchItemViewController.m */; };
		A9C69A161DF8FA6100862E14 /* RefresBranchdDataArray.m in Sources */ = {isa = PBXBuildFile; fileRef = A9C69A151DF8FA6100862E14 /* RefresBranchdDataArray.m */; };
		A9C69A191DF8FC8300862E14 /* RefresBoleDataArray.m in Sources */ = {isa = PBXBuildFile; fileRef = A9C69A181DF8FC8300862E14 /* RefresBoleDataArray.m */; };
		A9C69A1C1DF906C300862E14 /* RefresActionView.m in Sources */ = {isa = PBXBuildFile; fileRef = A9C69A1B1DF906C300862E14 /* RefresActionView.m */; };
		A9C69A221DF90B0100862E14 /* PSTableViewController.m in Sources */ = {isa = PBXBuildFile; fileRef = A9C69A211DF90B0100862E14 /* PSTableViewController.m */; };
		A9C69A251DF94CAE00862E14 /* SimplePageSwitchView.m in Sources */ = {isa = PBXBuildFile; fileRef = A9C69A241DF94CAE00862E14 /* SimplePageSwitchView.m */; };
/* End PBXBuildFile section */

/* Begin PBXContainerItemProxy section */
		A907EC291DEECE7A00D8C5CF /* PBXContainerItemProxy */ = {
			isa = PBXContainerItemProxy;
			containerPortal = A907EC071DEECE7A00D8C5CF /* Project object */;
			proxyType = 1;
			remoteGlobalIDString = A907EC0E1DEECE7A00D8C5CF;
			remoteInfo = PageSwitchView;
		};
		A907EC341DEECE7A00D8C5CF /* PBXContainerItemProxy */ = {
			isa = PBXContainerItemProxy;
			containerPortal = A907EC071DEECE7A00D8C5CF /* Project object */;
			proxyType = 1;
			remoteGlobalIDString = A907EC0E1DEECE7A00D8C5CF;
			remoteInfo = PageSwitchView;
		};
/* End PBXContainerItemProxy section */

/* Begin PBXFileReference section */
		A9047EC81DF03A4F0057BCCE /* UIBarBackgroundView.h */ = {isa = PBXFileReference; fileEncoding = 4; lastKnownFileType = sourcecode.c.h; path = UIBarBackgroundView.h; sourceTree = "<group>"; };
		A9047EC91DF03A4F0057BCCE /* UIBarBackgroundView.m */ = {isa = PBXFileReference; fileEncoding = 4; lastKnownFileType = sourcecode.c.objc; path = UIBarBackgroundView.m; sourceTree = "<group>"; };
		A907EC0F1DEECE7A00D8C5CF /* PageSwitchView.app */ = {isa = PBXFileReference; explicitFileType = wrapper.application; includeInIndex = 0; path = PageSwitchView.app; sourceTree = BUILT_PRODUCTS_DIR; };
		A907EC131DEECE7A00D8C5CF /* main.m */ = {isa = PBXFileReference; lastKnownFileType = sourcecode.c.objc; path = main.m; sourceTree = "<group>"; };
		A907EC1C1DEECE7A00D8C5CF /* Base */ = {isa = PBXFileReference; lastKnownFileType = file.storyboard; name = Base; path = Base.lproj/Main.storyboard; sourceTree = "<group>"; };
		A907EC1E1DEECE7A00D8C5CF /* Assets.xcassets */ = {isa = PBXFileReference; lastKnownFileType = folder.assetcatalog; path = Assets.xcassets; sourceTree = "<group>"; };
		A907EC211DEECE7A00D8C5CF /* Base */ = {isa = PBXFileReference; lastKnownFileType = file.storyboard; name = Base; path = Base.lproj/LaunchScreen.storyboard; sourceTree = "<group>"; };
		A907EC231DEECE7A00D8C5CF /* Info.plist */ = {isa = PBXFileReference; lastKnownFileType = text.plist.xml; path = Info.plist; sourceTree = "<group>"; };
		A907EC281DEECE7A00D8C5CF /* PageSwitchViewTests.xctest */ = {isa = PBXFileReference; explicitFileType = wrapper.cfbundle; includeInIndex = 0; path = PageSwitchViewTests.xctest; sourceTree = BUILT_PRODUCTS_DIR; };
		A907EC2C1DEECE7A00D8C5CF /* PageSwitchViewTests.m */ = {isa = PBXFileReference; lastKnownFileType = sourcecode.c.objc; path = PageSwitchViewTests.m; sourceTree = "<group>"; };
		A907EC2E1DEECE7A00D8C5CF /* Info.plist */ = {isa = PBXFileReference; lastKnownFileType = text.plist.xml; path = Info.plist; sourceTree = "<group>"; };
		A907EC331DEECE7A00D8C5CF /* PageSwitchViewUITests.xctest */ = {isa = PBXFileReference; explicitFileType = wrapper.cfbundle; includeInIndex = 0; path = PageSwitchViewUITests.xctest; sourceTree = BUILT_PRODUCTS_DIR; };
		A907EC371DEECE7A00D8C5CF /* PageSwitchViewUITests.m */ = {isa = PBXFileReference; lastKnownFileType = sourcecode.c.objc; path = PageSwitchViewUITests.m; sourceTree = "<group>"; };
		A907EC391DEECE7A00D8C5CF /* Info.plist */ = {isa = PBXFileReference; lastKnownFileType = text.plist.xml; path = Info.plist; sourceTree = "<group>"; };
		A907EC451DEECEAF00D8C5CF /* AppDelegate.h */ = {isa = PBXFileReference; fileEncoding = 4; lastKnownFileType = sourcecode.c.h; path = AppDelegate.h; sourceTree = "<group>"; };
		A907EC461DEECEAF00D8C5CF /* AppDelegate.m */ = {isa = PBXFileReference; fileEncoding = 4; lastKnownFileType = sourcecode.c.objc; path = AppDelegate.m; sourceTree = "<group>"; };
		A907EC471DEECEAF00D8C5CF /* ScrollViewController.h */ = {isa = PBXFileReference; fileEncoding = 4; lastKnownFileType = sourcecode.c.h; path = ScrollViewController.h; sourceTree = "<group>"; };
		A907EC481DEECEAF00D8C5CF /* ScrollViewController.m */ = {isa = PBXFileReference; fileEncoding = 4; lastKnownFileType = sourcecode.c.objc; path = ScrollViewController.m; sourceTree = "<group>"; };
		A907EC491DEECEAF00D8C5CF /* SimpleViewController.h */ = {isa = PBXFileReference; fileEncoding = 4; lastKnownFileType = sourcecode.c.h; path = SimpleViewController.h; sourceTree = "<group>"; };
		A907EC4A1DEECEAF00D8C5CF /* SimpleViewController.m */ = {isa = PBXFileReference; fileEncoding = 4; lastKnownFileType = sourcecode.c.objc; path = SimpleViewController.m; sourceTree = "<group>"; };
		A907EC6C1DEECEAF00D8C5CF /* TableViewController.h */ = {isa = PBXFileReference; fileEncoding = 4; lastKnownFileType = sourcecode.c.h; path = TableViewController.h; sourceTree = "<group>"; };
		A907EC6D1DEECEAF00D8C5CF /* TableViewController.m */ = {isa = PBXFileReference; fileEncoding = 4; lastKnownFileType = sourcecode.c.objc; path = TableViewController.m; sourceTree = "<group>"; };
		A907EC6E1DEECEAF00D8C5CF /* TwoScrollViewController.h */ = {isa = PBXFileReference; fileEncoding = 4; lastKnownFileType = sourcecode.c.h; path = TwoScrollViewController.h; sourceTree = "<group>"; };
		A907EC6F1DEECEAF00D8C5CF /* TwoScrollViewController.m */ = {isa = PBXFileReference; fileEncoding = 4; lastKnownFileType = sourcecode.c.objc; path = TwoScrollViewController.m; sourceTree = "<group>"; };
		A907EC701DEECEAF00D8C5CF /* ViewController.h */ = {isa = PBXFileReference; fileEncoding = 4; lastKnownFileType = sourcecode.c.h; path = ViewController.h; sourceTree = "<group>"; };
		A907EC711DEECEAF00D8C5CF /* ViewController.m */ = {isa = PBXFileReference; fileEncoding = 4; lastKnownFileType = sourcecode.c.objc; path = ViewController.m; sourceTree = "<group>"; };
		A907EC851DEECECD00D8C5CF /* UIGestureRecognizer+Group.h */ = {isa = PBXFileReference; fileEncoding = 4; lastKnownFileType = sourcecode.c.h; path = "UIGestureRecognizer+Group.h"; sourceTree = "<group>"; };
		A907EC861DEECECD00D8C5CF /* UIGestureRecognizer+Group.m */ = {isa = PBXFileReference; fileEncoding = 4; lastKnownFileType = sourcecode.c.objc; path = "UIGestureRecognizer+Group.m"; sourceTree = "<group>"; };
		A907EC881DEECECD00D8C5CF /* _PageSwitchItem.h */ = {isa = PBXFileReference; fileEncoding = 4; lastKnownFileType = sourcecode.c.h; path = _PageSwitchItem.h; sourceTree = "<group>"; };
		A907EC891DEECECD00D8C5CF /* GradientColor.h */ = {isa = PBXFileReference; fileEncoding = 4; lastKnownFileType = sourcecode.c.h; path = GradientColor.h; sourceTree = "<group>"; };
		A907EC8A1DEECECD00D8C5CF /* GradientColor.m */ = {isa = PBXFileReference; fileEncoding = 4; lastKnownFileType = sourcecode.c.objc; path = GradientColor.m; sourceTree = "<group>"; };
		A907EC8B1DEECECD00D8C5CF /* PageSwitchItem.h */ = {isa = PBXFileReference; fileEncoding = 4; lastKnownFileType = sourcecode.c.h; path = PageSwitchItem.h; sourceTree = "<group>"; };
		A907EC8C1DEECECD00D8C5CF /* PageSwitchItem.m */ = {isa = PBXFileReference; fileEncoding = 4; lastKnownFileType = sourcecode.c.objc; path = PageSwitchItem.m; sourceTree = "<group>"; };
		A907EC991DEECECD00D8C5CF /* DelegateInterceptor.h */ = {isa = PBXFileReference; fileEncoding = 4; lastKnownFileType = sourcecode.c.h; path = DelegateInterceptor.h; sourceTree = "<group>"; };
		A907EC9A1DEECECD00D8C5CF /* DelegateInterceptor.m */ = {isa = PBXFileReference; fileEncoding = 4; lastKnownFileType = sourcecode.c.objc; path = DelegateInterceptor.m; sourceTree = "<group>"; };
		A907ECB41DEED09400D8C5CF /* HorizontalTableView.h */ = {isa = PBXFileReference; fileEncoding = 4; lastKnownFileType = sourcecode.c.h; path = HorizontalTableView.h; sourceTree = "<group>"; };
		A907ECB51DEED09400D8C5CF /* HorizontalTableView.m */ = {isa = PBXFileReference; fileEncoding = 4; lastKnownFileType = sourcecode.c.objc; path = HorizontalTableView.m; sourceTree = "<group>"; };
		A907ECB71DEED09400D8C5CF /* SegmentTableView.h */ = {isa = PBXFileReference; fileEncoding = 4; lastKnownFileType = sourcecode.c.h; path = SegmentTableView.h; sourceTree = "<group>"; };
		A907ECB81DEED09400D8C5CF /* SegmentTableView.m */ = {isa = PBXFileReference; fileEncoding = 4; lastKnownFileType = sourcecode.c.objc; path = SegmentTableView.m; sourceTree = "<group>"; };
		A907ECBA1DEED09400D8C5CF /* StretchingHeaderView.h */ = {isa = PBXFileReference; fileEncoding = 4; lastKnownFileType = sourcecode.c.h; path = StretchingHeaderView.h; sourceTree = "<group>"; };
		A907ECBB1DEED09400D8C5CF /* StretchingHeaderView.m */ = {isa = PBXFileReference; fileEncoding = 4; lastKnownFileType = sourcecode.c.objc; path = StretchingHeaderView.m; sourceTree = "<group>"; };
		A907ECBD1DEED09400D8C5CF /* TwoScrollView.h */ = {isa = PBXFileReference; fileEncoding = 4; lastKnownFileType = sourcecode.c.h; path = TwoScrollView.h; sourceTree = "<group>"; };
		A907ECBE1DEED09400D8C5CF /* TwoScrollView.m */ = {isa = PBXFileReference; fileEncoding = 4; lastKnownFileType = sourcecode.c.objc; path = TwoScrollView.m; sourceTree = "<group>"; };
		A907ECC01DEED09400D8C5CF /* UIContentView.h */ = {isa = PBXFileReference; fileEncoding = 4; lastKnownFileType = sourcecode.c.h; path = UIContentView.h; sourceTree = "<group>"; };
		A907ECC11DEED09400D8C5CF /* UIContentView.m */ = {isa = PBXFileReference; fileEncoding = 4; lastKnownFileType = sourcecode.c.objc; path = UIContentView.m; sourceTree = "<group>"; };
		A907ECC71DEEE47A00D8C5CF /* _TwoScrollView.h */ = {isa = PBXFileReference; lastKnownFileType = sourcecode.c.h; path = _TwoScrollView.h; sourceTree = "<group>"; };
		A909082F1DF7F01600B3447C /* PageSwitchViewStatic.h */ = {isa = PBXFileReference; lastKnownFileType = sourcecode.c.h; path = PageSwitchViewStatic.h; sourceTree = "<group>"; };
		A90908321DF7F8E300B3447C /* UIContentViewCell.h */ = {isa = PBXFileReference; fileEncoding = 4; lastKnownFileType = sourcecode.c.h; path = UIContentViewCell.h; sourceTree = "<group>"; };
		A90908361DF8021A00B3447C /* LICENSE */ = {isa = PBXFileReference; fileEncoding = 4; lastKnownFileType = text; path = LICENSE; sourceTree = "<group>"; };
		A90908391DF8021A00B3447C /* MJRefreshAutoFooter.h */ = {isa = PBXFileReference; fileEncoding = 4; lastKnownFileType = sourcecode.c.h; path = MJRefreshAutoFooter.h; sourceTree = "<group>"; };
		A909083A1DF8021A00B3447C /* MJRefreshAutoFooter.m */ = {isa = PBXFileReference; fileEncoding = 4; lastKnownFileType = sourcecode.c.objc; path = MJRefreshAutoFooter.m; sourceTree = "<group>"; };
		A909083B1DF8021A00B3447C /* MJRefreshBackFooter.h */ = {isa = PBXFileReference; fileEncoding = 4; lastKnownFileType = sourcecode.c.h; path = MJRefreshBackFooter.h; sourceTree = "<group>"; };
		A909083C1DF8021A00B3447C /* MJRefreshBackFooter.m */ = {isa = PBXFileReference; fileEncoding = 4; lastKnownFileType = sourcecode.c.objc; path = MJRefreshBackFooter.m; sourceTree = "<group>"; };
		A909083D1DF8021A00B3447C /* MJRefreshComponent.h */ = {isa = PBXFileReference; fileEncoding = 4; lastKnownFileType = sourcecode.c.h; path = MJRefreshComponent.h; sourceTree = "<group>"; };
		A909083E1DF8021A00B3447C /* MJRefreshComponent.m */ = {isa = PBXFileReference; fileEncoding = 4; lastKnownFileType = sourcecode.c.objc; path = MJRefreshComponent.m; sourceTree = "<group>"; };
		A909083F1DF8021A00B3447C /* MJRefreshFooter.h */ = {isa = PBXFileReference; fileEncoding = 4; lastKnownFileType = sourcecode.c.h; path = MJRefreshFooter.h; sourceTree = "<group>"; };
		A90908401DF8021A00B3447C /* MJRefreshFooter.m */ = {isa = PBXFileReference; fileEncoding = 4; lastKnownFileType = sourcecode.c.objc; path = MJRefreshFooter.m; sourceTree = "<group>"; };
		A90908411DF8021A00B3447C /* MJRefreshHeader.h */ = {isa = PBXFileReference; fileEncoding = 4; lastKnownFileType = sourcecode.c.h; path = MJRefreshHeader.h; sourceTree = "<group>"; };
		A90908421DF8021A00B3447C /* MJRefreshHeader.m */ = {isa = PBXFileReference; fileEncoding = 4; lastKnownFileType = sourcecode.c.objc; path = MJRefreshHeader.m; sourceTree = "<group>"; };
		A90908461DF8021A00B3447C /* MJRefreshAutoGifFooter.h */ = {isa = PBXFileReference; fileEncoding = 4; lastKnownFileType = sourcecode.c.h; path = MJRefreshAutoGifFooter.h; sourceTree = "<group>"; };
		A90908471DF8021A00B3447C /* MJRefreshAutoGifFooter.m */ = {isa = PBXFileReference; fileEncoding = 4; lastKnownFileType = sourcecode.c.objc; path = MJRefreshAutoGifFooter.m; sourceTree = "<group>"; };
		A90908481DF8021A00B3447C /* MJRefreshAutoNormalFooter.h */ = {isa = PBXFileReference; fileEncoding = 4; lastKnownFileType = sourcecode.c.h; path = MJRefreshAutoNormalFooter.h; sourceTree = "<group>"; };
		A90908491DF8021A00B3447C /* MJRefreshAutoNormalFooter.m */ = {isa = PBXFileReference; fileEncoding = 4; lastKnownFileType = sourcecode.c.objc; path = MJRefreshAutoNormalFooter.m; sourceTree = "<group>"; };
		A909084A1DF8021A00B3447C /* MJRefreshAutoStateFooter.h */ = {isa = PBXFileReference; fileEncoding = 4; lastKnownFileType = sourcecode.c.h; path = MJRefreshAutoStateFooter.h; sourceTree = "<group>"; };
		A909084B1DF8021A00B3447C /* MJRefreshAutoStateFooter.m */ = {isa = PBXFileReference; fileEncoding = 4; lastKnownFileType = sourcecode.c.objc; path = MJRefreshAutoStateFooter.m; sourceTree = "<group>"; };
		A909084D1DF8021A00B3447C /* MJRefreshBackGifFooter.h */ = {isa = PBXFileReference; fileEncoding = 4; lastKnownFileType = sourcecode.c.h; path = MJRefreshBackGifFooter.h; sourceTree = "<group>"; };
		A909084E1DF8021A00B3447C /* MJRefreshBackGifFooter.m */ = {isa = PBXFileReference; fileEncoding = 4; lastKnownFileType = sourcecode.c.objc; path = MJRefreshBackGifFooter.m; sourceTree = "<group>"; };
		A909084F1DF8021A00B3447C /* MJRefreshBackNormalFooter.h */ = {isa = PBXFileReference; fileEncoding = 4; lastKnownFileType = sourcecode.c.h; path = MJRefreshBackNormalFooter.h; sourceTree = "<group>"; };
		A90908501DF8021A00B3447C /* MJRefreshBackNormalFooter.m */ = {isa = PBXFileReference; fileEncoding = 4; lastKnownFileType = sourcecode.c.objc; path = MJRefreshBackNormalFooter.m; sourceTree = "<group>"; };
		A90908511DF8021A00B3447C /* MJRefreshBackStateFooter.h */ = {isa = PBXFileReference; fileEncoding = 4; lastKnownFileType = sourcecode.c.h; path = MJRefreshBackStateFooter.h; sourceTree = "<group>"; };
		A90908521DF8021A00B3447C /* MJRefreshBackStateFooter.m */ = {isa = PBXFileReference; fileEncoding = 4; lastKnownFileType = sourcecode.c.objc; path = MJRefreshBackStateFooter.m; sourceTree = "<group>"; };
		A90908541DF8021A00B3447C /* MJRefreshGifHeader.h */ = {isa = PBXFileReference; fileEncoding = 4; lastKnownFileType = sourcecode.c.h; path = MJRefreshGifHeader.h; sourceTree = "<group>"; };
		A90908551DF8021A00B3447C /* MJRefreshGifHeader.m */ = {isa = PBXFileReference; fileEncoding = 4; lastKnownFileType = sourcecode.c.objc; path = MJRefreshGifHeader.m; sourceTree = "<group>"; };
		A90908561DF8021A00B3447C /* MJRefreshNormalHeader.h */ = {isa = PBXFileReference; fileEncoding = 4; lastKnownFileType = sourcecode.c.h; path = MJRefreshNormalHeader.h; sourceTree = "<group>"; };
		A90908571DF8021A00B3447C /* MJRefreshNormalHeader.m */ = {isa = PBXFileReference; fileEncoding = 4; lastKnownFileType = sourcecode.c.objc; path = MJRefreshNormalHeader.m; sourceTree = "<group>"; };
		A90908581DF8021A00B3447C /* MJRefreshStateHeader.h */ = {isa = PBXFileReference; fileEncoding = 4; lastKnownFileType = sourcecode.c.h; path = MJRefreshStateHeader.h; sourceTree = "<group>"; };
		A90908591DF8021A00B3447C /* MJRefreshStateHeader.m */ = {isa = PBXFileReference; fileEncoding = 4; lastKnownFileType = sourcecode.c.objc; path = MJRefreshStateHeader.m; sourceTree = "<group>"; };
		A909085A1DF8021A00B3447C /* MJRefresh.bundle */ = {isa = PBXFileReference; lastKnownFileType = "wrapper.plug-in"; path = MJRefresh.bundle; sourceTree = "<group>"; };
		A909085B1DF8021A00B3447C /* MJRefresh.h */ = {isa = PBXFileReference; fileEncoding = 4; lastKnownFileType = sourcecode.c.h; path = MJRefresh.h; sourceTree = "<group>"; };
		A909085C1DF8021A00B3447C /* MJRefreshConst.h */ = {isa = PBXFileReference; fileEncoding = 4; lastKnownFileType = sourcecode.c.h; path = MJRefreshConst.h; sourceTree = "<group>"; };
		A909085D1DF8021A00B3447C /* MJRefreshConst.m */ = {isa = PBXFileReference; fileEncoding = 4; lastKnownFileType = sourcecode.c.objc; path = MJRefreshConst.m; sourceTree = "<group>"; };
		A909085E1DF8021A00B3447C /* NSBundle+MJRefresh.h */ = {isa = PBXFileReference; fileEncoding = 4; lastKnownFileType = sourcecode.c.h; path = "NSBundle+MJRefresh.h"; sourceTree = "<group>"; };
		A909085F1DF8021A00B3447C /* NSBundle+MJRefresh.m */ = {isa = PBXFileReference; fileEncoding = 4; lastKnownFileType = sourcecode.c.objc; path = "NSBundle+MJRefresh.m"; sourceTree = "<group>"; };
		A90908601DF8021A00B3447C /* UIScrollView+MJExtension.h */ = {isa = PBXFileReference; fileEncoding = 4; lastKnownFileType = sourcecode.c.h; path = "UIScrollView+MJExtension.h"; sourceTree = "<group>"; };
		A90908611DF8021A00B3447C /* UIScrollView+MJExtension.m */ = {isa = PBXFileReference; fileEncoding = 4; lastKnownFileType = sourcecode.c.objc; path = "UIScrollView+MJExtension.m"; sourceTree = "<group>"; };
		A90908621DF8021A00B3447C /* UIScrollView+MJRefresh.h */ = {isa = PBXFileReference; fileEncoding = 4; lastKnownFileType = sourcecode.c.h; path = "UIScrollView+MJRefresh.h"; sourceTree = "<group>"; };
		A90908631DF8021A00B3447C /* UIScrollView+MJRefresh.m */ = {isa = PBXFileReference; fileEncoding = 4; lastKnownFileType = sourcecode.c.objc; path = "UIScrollView+MJRefresh.m"; sourceTree = "<group>"; };
		A90908641DF8021A00B3447C /* UIView+MJExtension.h */ = {isa = PBXFileReference; fileEncoding = 4; lastKnownFileType = sourcecode.c.h; path = "UIView+MJExtension.h"; sourceTree = "<group>"; };
		A90908651DF8021A00B3447C /* UIView+MJExtension.m */ = {isa = PBXFileReference; fileEncoding = 4; lastKnownFileType = sourcecode.c.objc; path = "UIView+MJExtension.m"; sourceTree = "<group>"; };
		A90908661DF8021A00B3447C /* README.md */ = {isa = PBXFileReference; fileEncoding = 4; lastKnownFileType = net.daringfireball.markdown; path = README.md; sourceTree = "<group>"; };
		A90908681DF8021A00B3447C /* NCMutableArray.h */ = {isa = PBXFileReference; fileEncoding = 4; lastKnownFileType = sourcecode.c.h; path = NCMutableArray.h; sourceTree = "<group>"; };
		A90908691DF8021A00B3447C /* NCMutableArray.m */ = {isa = PBXFileReference; fileEncoding = 4; lastKnownFileType = sourcecode.c.objc; path = NCMutableArray.m; sourceTree = "<group>"; };
		A909086A1DF8021A00B3447C /* RefresDataArray.h */ = {isa = PBXFileReference; fileEncoding = 4; lastKnownFileType = sourcecode.c.h; path = RefresDataArray.h; sourceTree = "<group>"; };
		A909086B1DF8021A00B3447C /* RefresDataArray.m */ = {isa = PBXFileReference; fileEncoding = 4; lastKnownFileType = sourcecode.c.objc; path = RefresDataArray.m; sourceTree = "<group>"; };
		A90908841DF81AD300B3447C /* UIContentViewCell.m */ = {isa = PBXFileReference; fileEncoding = 4; lastKnownFileType = sourcecode.c.objc; path = UIContentViewCell.m; sourceTree = "<group>"; };
		A909088D1DF824B200B3447C /* ViewController2tab.h */ = {isa = PBXFileReference; fileEncoding = 4; lastKnownFileType = sourcecode.c.h; path = ViewController2tab.h; sourceTree = "<group>"; };
		A909088E1DF824B200B3447C /* ViewController2tab.m */ = {isa = PBXFileReference; fileEncoding = 4; lastKnownFileType = sourcecode.c.objc; path = ViewController2tab.m; sourceTree = "<group>"; };
		A92127D01DFEB916002603C1 /* CFunction.h */ = {isa = PBXFileReference; fileEncoding = 4; lastKnownFileType = sourcecode.c.h; path = CFunction.h; sourceTree = "<group>"; };
		A92127D11DFEB916002603C1 /* CFunction.m */ = {isa = PBXFileReference; fileEncoding = 4; lastKnownFileType = sourcecode.c.objc; path = CFunction.m; sourceTree = "<group>"; };
		A93EC4061DFE8BAB006BF6C0 /* PageSwitchViewControllerProtocol.h */ = {isa = PBXFileReference; lastKnownFileType = sourcecode.c.h; path = PageSwitchViewControllerProtocol.h; sourceTree = "<group>"; };
		A95912031DFA8BA700579F43 /* SimplePageSwitchViewController.h */ = {isa = PBXFileReference; fileEncoding = 4; lastKnownFileType = sourcecode.c.h; path = SimplePageSwitchViewController.h; sourceTree = "<group>"; };
		A95912041DFA8BA700579F43 /* SimplePageSwitchViewController.m */ = {isa = PBXFileReference; fileEncoding = 4; lastKnownFileType = sourcecode.c.objc; path = SimplePageSwitchViewController.m; sourceTree = "<group>"; };
		A95912061DFAA82000579F43 /* _SegmentTableViewCell.h */ = {isa = PBXFileReference; fileEncoding = 4; lastKnownFileType = sourcecode.c.h; path = _SegmentTableViewCell.h; sourceTree = "<group>"; };
		A95912071DFAA82000579F43 /* _SegmentTableViewCell.m */ = {isa = PBXFileReference; fileEncoding = 4; lastKnownFileType = sourcecode.c.objc; path = _SegmentTableViewCell.m; sourceTree = "<group>"; };
		A95912091DFAAC4B00579F43 /* _PageSwitchViewStatic.h */ = {isa = PBXFileReference; lastKnownFileType = sourcecode.c.h; path = _PageSwitchViewStatic.h; sourceTree = "<group>"; };
		A981F7D31DF132E6002A44D6 /* UINavigationBar+Background.h */ = {isa = PBXFileReference; fileEncoding = 4; lastKnownFileType = sourcecode.c.h; path = "UINavigationBar+Background.h"; sourceTree = "<group>"; };
		A981F7D41DF132E6002A44D6 /* UINavigationBar+Background.m */ = {isa = PBXFileReference; fileEncoding = 4; lastKnownFileType = sourcecode.c.objc; path = "UINavigationBar+Background.m"; sourceTree = "<group>"; };
		A99EE6AE1DF64AC70032D271 /* PSViewController.h */ = {isa = PBXFileReference; fileEncoding = 4; lastKnownFileType = sourcecode.c.h; path = PSViewController.h; sourceTree = "<group>"; };
		A99EE6AF1DF64AC70032D271 /* PSViewController.m */ = {isa = PBXFileReference; fileEncoding = 4; lastKnownFileType = sourcecode.c.objc; path = PSViewController.m; sourceTree = "<group>"; };
		A99EE6B11DF653CD0032D271 /* UIScrollView+Other.h */ = {isa = PBXFileReference; fileEncoding = 4; lastKnownFileType = sourcecode.c.h; path = "UIScrollView+Other.h"; sourceTree = "<group>"; };
		A99EE6B21DF653CD0032D271 /* UIScrollView+Other.m */ = {isa = PBXFileReference; fileEncoding = 4; lastKnownFileType = sourcecode.c.objc; path = "UIScrollView+Other.m"; sourceTree = "<group>"; };
		A99F6AF41DF2A4D200919A81 /* NavigationBarTitleView.h */ = {isa = PBXFileReference; fileEncoding = 4; lastKnownFileType = sourcecode.c.h; path = NavigationBarTitleView.h; sourceTree = "<group>"; };
		A99F6AF51DF2A4D200919A81 /* NavigationBarTitleView.m */ = {isa = PBXFileReference; fileEncoding = 4; lastKnownFileType = sourcecode.c.objc; path = NavigationBarTitleView.m; sourceTree = "<group>"; };
		A99F6B461DF43F1E00919A81 /* UIViewController+FullScreen.h */ = {isa = PBXFileReference; fileEncoding = 4; lastKnownFileType = sourcecode.c.h; path = "UIViewController+FullScreen.h"; sourceTree = "<group>"; };
		A99F6B471DF43F1E00919A81 /* UIViewController+FullScreen.m */ = {isa = PBXFileReference; fileEncoding = 4; lastKnownFileType = sourcecode.c.objc; path = "UIViewController+FullScreen.m"; sourceTree = "<group>"; };
		A99F6B4D1DF4598700919A81 /* PageSwitchView.h */ = {isa = PBXFileReference; fileEncoding = 4; lastKnownFileType = sourcecode.c.h; path = PageSwitchView.h; sourceTree = "<group>"; };
		A99F6B4E1DF4598700919A81 /* PageSwitchView.m */ = {isa = PBXFileReference; fileEncoding = 4; lastKnownFileType = sourcecode.c.objc; path = PageSwitchView.m; sourceTree = "<group>"; };
		A99F6B4F1DF4598700919A81 /* PageViewControllerProtocol.h */ = {isa = PBXFileReference; fileEncoding = 4; lastKnownFileType = sourcecode.c.h; path = PageViewControllerProtocol.h; sourceTree = "<group>"; };
		A99F6B511DF459DE00919A81 /* PageSwitchViewController.h */ = {isa = PBXFileReference; fileEncoding = 4; lastKnownFileType = sourcecode.c.h; path = PageSwitchViewController.h; sourceTree = "<group>"; };
		A99F6B521DF459DE00919A81 /* PageSwitchViewController.m */ = {isa = PBXFileReference; fileEncoding = 4; lastKnownFileType = sourcecode.c.objc; path = PageSwitchViewController.m; sourceTree = "<group>"; };
		A99F6B541DF45A1100919A81 /* PageSwitchItemViewController.h */ = {isa = PBXFileReference; fileEncoding = 4; lastKnownFileType = sourcecode.c.h; path = PageSwitchItemViewController.h; sourceTree = "<group>"; };
		A99F6B551DF45A1100919A81 /* PageSwitchItemViewController.m */ = {isa = PBXFileReference; fileEncoding = 4; lastKnownFileType = sourcecode.c.objc; path = PageSwitchItemViewController.m; sourceTree = "<group>"; };
		A9C69A141DF8FA6100862E14 /* RefresBranchdDataArray.h */ = {isa = PBXFileReference; fileEncoding = 4; lastKnownFileType = sourcecode.c.h; path = RefresBranchdDataArray.h; sourceTree = "<group>"; };
		A9C69A151DF8FA6100862E14 /* RefresBranchdDataArray.m */ = {isa = PBXFileReference; fileEncoding = 4; lastKnownFileType = sourcecode.c.objc; path = RefresBranchdDataArray.m; sourceTree = "<group>"; };
		A9C69A171DF8FC8300862E14 /* RefresBoleDataArray.h */ = {isa = PBXFileReference; fileEncoding = 4; lastKnownFileType = sourcecode.c.h; path = RefresBoleDataArray.h; sourceTree = "<group>"; };
		A9C69A181DF8FC8300862E14 /* RefresBoleDataArray.m */ = {isa = PBXFileReference; fileEncoding = 4; lastKnownFileType = sourcecode.c.objc; path = RefresBoleDataArray.m; sourceTree = "<group>"; };
		A9C69A1A1DF906C300862E14 /* RefresActionView.h */ = {isa = PBXFileReference; fileEncoding = 4; lastKnownFileType = sourcecode.c.h; path = RefresActionView.h; sourceTree = "<group>"; };
		A9C69A1B1DF906C300862E14 /* RefresActionView.m */ = {isa = PBXFileReference; fileEncoding = 4; lastKnownFileType = sourcecode.c.objc; path = RefresActionView.m; sourceTree = "<group>"; };
		A9C69A201DF90B0100862E14 /* PSTableViewController.h */ = {isa = PBXFileReference; fileEncoding = 4; lastKnownFileType = sourcecode.c.h; path = PSTableViewController.h; sourceTree = "<group>"; };
		A9C69A211DF90B0100862E14 /* PSTableViewController.m */ = {isa = PBXFileReference; fileEncoding = 4; lastKnownFileType = sourcecode.c.objc; path = PSTableViewController.m; sourceTree = "<group>"; };
		A9C69A231DF94CAE00862E14 /* SimplePageSwitchView.h */ = {isa = PBXFileReference; fileEncoding = 4; lastKnownFileType = sourcecode.c.h; path = SimplePageSwitchView.h; sourceTree = "<group>"; };
		A9C69A241DF94CAE00862E14 /* SimplePageSwitchView.m */ = {isa = PBXFileReference; fileEncoding = 4; lastKnownFileType = sourcecode.c.objc; path = SimplePageSwitchView.m; sourceTree = "<group>"; };
		A9C69A261DF94E4E00862E14 /* _PageSwitchView.h */ = {isa = PBXFileReference; lastKnownFileType = sourcecode.c.h; path = _PageSwitchView.h; sourceTree = "<group>"; };
/* End PBXFileReference section */

/* Begin PBXFrameworksBuildPhase section */
		A907EC0C1DEECE7A00D8C5CF /* Frameworks */ = {
			isa = PBXFrameworksBuildPhase;
			buildActionMask = 2147483647;
			files = (
			);
			runOnlyForDeploymentPostprocessing = 0;
		};
		A907EC251DEECE7A00D8C5CF /* Frameworks */ = {
			isa = PBXFrameworksBuildPhase;
			buildActionMask = 2147483647;
			files = (
			);
			runOnlyForDeploymentPostprocessing = 0;
		};
		A907EC301DEECE7A00D8C5CF /* Frameworks */ = {
			isa = PBXFrameworksBuildPhase;
			buildActionMask = 2147483647;
			files = (
			);
			runOnlyForDeploymentPostprocessing = 0;
		};
/* End PBXFrameworksBuildPhase section */

/* Begin PBXGroup section */
		A9047EC51DF03A4F0057BCCE /* NavigationBar */ = {
			isa = PBXGroup;
			children = (
				A9047EC81DF03A4F0057BCCE /* UIBarBackgroundView.h */,
				A9047EC91DF03A4F0057BCCE /* UIBarBackgroundView.m */,
				A981F7D31DF132E6002A44D6 /* UINavigationBar+Background.h */,
				A981F7D41DF132E6002A44D6 /* UINavigationBar+Background.m */,
			);
			path = NavigationBar;
			sourceTree = "<group>";
		};
		A907EC061DEECE7A00D8C5CF = {
			isa = PBXGroup;
			children = (
				A907EC111DEECE7A00D8C5CF /* PageSwitchView */,
				A907EC2B1DEECE7A00D8C5CF /* PageSwitchViewTests */,
				A907EC361DEECE7A00D8C5CF /* PageSwitchViewUITests */,
				A907EC101DEECE7A00D8C5CF /* Products */,
			);
			sourceTree = "<group>";
		};
		A907EC101DEECE7A00D8C5CF /* Products */ = {
			isa = PBXGroup;
			children = (
				A907EC0F1DEECE7A00D8C5CF /* PageSwitchView.app */,
				A907EC281DEECE7A00D8C5CF /* PageSwitchViewTests.xctest */,
				A907EC331DEECE7A00D8C5CF /* PageSwitchViewUITests.xctest */,
			);
			name = Products;
			sourceTree = "<group>";
		};
		A907EC111DEECE7A00D8C5CF /* PageSwitchView */ = {
			isa = PBXGroup;
			children = (
				A92127D01DFEB916002603C1 /* CFunction.h */,
				A92127D11DFEB916002603C1 /* CFunction.m */,
				A90908351DF8021A00B3447C /* MJRefresh */,
				A90908671DF8021A00B3447C /* RefresDataArray */,
				A99F6B451DF43F1E00919A81 /* ViewControllerFullScreen */,
				A9047EC51DF03A4F0057BCCE /* NavigationBar */,
				A907EC831DEECECD00D8C5CF /* PageSwitchView */,
				A907EC451DEECEAF00D8C5CF /* AppDelegate.h */,
				A907EC461DEECEAF00D8C5CF /* AppDelegate.m */,
				A99F6AF41DF2A4D200919A81 /* NavigationBarTitleView.h */,
				A99F6AF51DF2A4D200919A81 /* NavigationBarTitleView.m */,
				A907EC471DEECEAF00D8C5CF /* ScrollViewController.h */,
				A907EC481DEECEAF00D8C5CF /* ScrollViewController.m */,
				A907EC491DEECEAF00D8C5CF /* SimpleViewController.h */,
				A907EC4A1DEECEAF00D8C5CF /* SimpleViewController.m */,
				A907EC6C1DEECEAF00D8C5CF /* TableViewController.h */,
				A907EC6D1DEECEAF00D8C5CF /* TableViewController.m */,
				A907EC6E1DEECEAF00D8C5CF /* TwoScrollViewController.h */,
				A907EC6F1DEECEAF00D8C5CF /* TwoScrollViewController.m */,
				A907EC701DEECEAF00D8C5CF /* ViewController.h */,
				A907EC711DEECEAF00D8C5CF /* ViewController.m */,
				A909088D1DF824B200B3447C /* ViewController2tab.h */,
				A909088E1DF824B200B3447C /* ViewController2tab.m */,
				A99EE6AE1DF64AC70032D271 /* PSViewController.h */,
				A99EE6AF1DF64AC70032D271 /* PSViewController.m */,
				A9C69A201DF90B0100862E14 /* PSTableViewController.h */,
				A9C69A211DF90B0100862E14 /* PSTableViewController.m */,
				A907EC1B1DEECE7A00D8C5CF /* Main.storyboard */,
				A907EC1E1DEECE7A00D8C5CF /* Assets.xcassets */,
				A907EC201DEECE7A00D8C5CF /* LaunchScreen.storyboard */,
				A907EC231DEECE7A00D8C5CF /* Info.plist */,
				A907EC121DEECE7A00D8C5CF /* Supporting Files */,
			);
			path = PageSwitchView;
			sourceTree = "<group>";
		};
		A907EC121DEECE7A00D8C5CF /* Supporting Files */ = {
			isa = PBXGroup;
			children = (
				A907EC131DEECE7A00D8C5CF /* main.m */,
			);
			name = "Supporting Files";
			sourceTree = "<group>";
		};
		A907EC2B1DEECE7A00D8C5CF /* PageSwitchViewTests */ = {
			isa = PBXGroup;
			children = (
				A907EC2C1DEECE7A00D8C5CF /* PageSwitchViewTests.m */,
				A907EC2E1DEECE7A00D8C5CF /* Info.plist */,
			);
			path = PageSwitchViewTests;
			sourceTree = "<group>";
		};
		A907EC361DEECE7A00D8C5CF /* PageSwitchViewUITests */ = {
			isa = PBXGroup;
			children = (
				A907EC371DEECE7A00D8C5CF /* PageSwitchViewUITests.m */,
				A907EC391DEECE7A00D8C5CF /* Info.plist */,
			);
			path = PageSwitchViewUITests;
			sourceTree = "<group>";
		};
		A907EC831DEECECD00D8C5CF /* PageSwitchView */ = {
			isa = PBXGroup;
			children = (
				A93EC4061DFE8BAB006BF6C0 /* PageSwitchViewControllerProtocol.h */,
				A95912031DFA8BA700579F43 /* SimplePageSwitchViewController.h */,
				A95912041DFA8BA700579F43 /* SimplePageSwitchViewController.m */,
				A99F6B511DF459DE00919A81 /* PageSwitchViewController.h */,
				A99F6B521DF459DE00919A81 /* PageSwitchViewController.m */,
				A99F6B541DF45A1100919A81 /* PageSwitchItemViewController.h */,
				A99F6B551DF45A1100919A81 /* PageSwitchItemViewController.m */,
				A907ECB21DEED09400D8C5CF /* Control */,
				A907EC841DEECECD00D8C5CF /* Category */,
				A907EC871DEECECD00D8C5CF /* Class */,
				A907EC981DEECECD00D8C5CF /* Public */,
			);
			path = PageSwitchView;
			sourceTree = "<group>";
		};
		A907EC841DEECECD00D8C5CF /* Category */ = {
			isa = PBXGroup;
			children = (
				A907EC851DEECECD00D8C5CF /* UIGestureRecognizer+Group.h */,
				A907EC861DEECECD00D8C5CF /* UIGestureRecognizer+Group.m */,
				A99EE6B11DF653CD0032D271 /* UIScrollView+Other.h */,
				A99EE6B21DF653CD0032D271 /* UIScrollView+Other.m */,
			);
			path = Category;
			sourceTree = "<group>";
		};
		A907EC871DEECECD00D8C5CF /* Class */ = {
			isa = PBXGroup;
			children = (
				A909082F1DF7F01600B3447C /* PageSwitchViewStatic.h */,
				A95912091DFAAC4B00579F43 /* _PageSwitchViewStatic.h */,
				A907EC881DEECECD00D8C5CF /* _PageSwitchItem.h */,
				A907EC891DEECECD00D8C5CF /* GradientColor.h */,
				A907EC8A1DEECECD00D8C5CF /* GradientColor.m */,
				A907EC8B1DEECECD00D8C5CF /* PageSwitchItem.h */,
				A907EC8C1DEECECD00D8C5CF /* PageSwitchItem.m */,
			);
			path = Class;
			sourceTree = "<group>";
		};
		A907EC981DEECECD00D8C5CF /* Public */ = {
			isa = PBXGroup;
			children = (
				A907EC991DEECECD00D8C5CF /* DelegateInterceptor.h */,
				A907EC9A1DEECECD00D8C5CF /* DelegateInterceptor.m */,
			);
			path = Public;
			sourceTree = "<group>";
		};
		A907ECB21DEED09400D8C5CF /* Control */ = {
			isa = PBXGroup;
			children = (
				A9C69A231DF94CAE00862E14 /* SimplePageSwitchView.h */,
				A9C69A241DF94CAE00862E14 /* SimplePageSwitchView.m */,
				A99F6B4D1DF4598700919A81 /* PageSwitchView.h */,
				A99F6B4E1DF4598700919A81 /* PageSwitchView.m */,
				A9C69A261DF94E4E00862E14 /* _PageSwitchView.h */,
				A99F6B4F1DF4598700919A81 /* PageViewControllerProtocol.h */,
				A907ECB31DEED09400D8C5CF /* HorizontalTableView */,
				A907ECB61DEED09400D8C5CF /* SegmentTableView */,
				A907ECB91DEED09400D8C5CF /* StretchingHeaderView */,
				A907ECBC1DEED09400D8C5CF /* TwoScrollView */,
				A90908311DF7F8E300B3447C /* UIContentViewCell */,
				A907ECBF1DEED09400D8C5CF /* UIContentView */,
			);
			path = Control;
			sourceTree = "<group>";
		};
		A907ECB31DEED09400D8C5CF /* HorizontalTableView */ = {
			isa = PBXGroup;
			children = (
				A907ECB41DEED09400D8C5CF /* HorizontalTableView.h */,
				A907ECB51DEED09400D8C5CF /* HorizontalTableView.m */,
			);
			path = HorizontalTableView;
			sourceTree = "<group>";
		};
		A907ECB61DEED09400D8C5CF /* SegmentTableView */ = {
			isa = PBXGroup;
			children = (
				A907ECB71DEED09400D8C5CF /* SegmentTableView.h */,
				A907ECB81DEED09400D8C5CF /* SegmentTableView.m */,
				A95912061DFAA82000579F43 /* _SegmentTableViewCell.h */,
				A95912071DFAA82000579F43 /* _SegmentTableViewCell.m */,
			);
			path = SegmentTableView;
			sourceTree = "<group>";
		};
		A907ECB91DEED09400D8C5CF /* StretchingHeaderView */ = {
			isa = PBXGroup;
			children = (
				A907ECBA1DEED09400D8C5CF /* StretchingHeaderView.h */,
				A907ECBB1DEED09400D8C5CF /* StretchingHeaderView.m */,
			);
			path = StretchingHeaderView;
			sourceTree = "<group>";
		};
		A907ECBC1DEED09400D8C5CF /* TwoScrollView */ = {
			isa = PBXGroup;
			children = (
				A907ECC71DEEE47A00D8C5CF /* _TwoScrollView.h */,
				A907ECBD1DEED09400D8C5CF /* TwoScrollView.h */,
				A907ECBE1DEED09400D8C5CF /* TwoScrollView.m */,
			);
			path = TwoScrollView;
			sourceTree = "<group>";
		};
		A907ECBF1DEED09400D8C5CF /* UIContentView */ = {
			isa = PBXGroup;
			children = (
				A907ECC01DEED09400D8C5CF /* UIContentView.h */,
				A907ECC11DEED09400D8C5CF /* UIContentView.m */,
			);
			path = UIContentView;
			sourceTree = "<group>";
		};
		A90908311DF7F8E300B3447C /* UIContentViewCell */ = {
			isa = PBXGroup;
			children = (
				A90908321DF7F8E300B3447C /* UIContentViewCell.h */,
				A90908841DF81AD300B3447C /* UIContentViewCell.m */,
			);
			path = UIContentViewCell;
			sourceTree = "<group>";
		};
		A90908351DF8021A00B3447C /* MJRefresh */ = {
			isa = PBXGroup;
			children = (
				A90908361DF8021A00B3447C /* LICENSE */,
				A90908371DF8021A00B3447C /* MJRefresh */,
				A90908661DF8021A00B3447C /* README.md */,
			);
			path = MJRefresh;
			sourceTree = "<group>";
		};
		A90908371DF8021A00B3447C /* MJRefresh */ = {
			isa = PBXGroup;
			children = (
				A90908381DF8021A00B3447C /* Base */,
				A90908431DF8021A00B3447C /* Custom */,
				A909085A1DF8021A00B3447C /* MJRefresh.bundle */,
				A909085B1DF8021A00B3447C /* MJRefresh.h */,
				A909085C1DF8021A00B3447C /* MJRefreshConst.h */,
				A909085D1DF8021A00B3447C /* MJRefreshConst.m */,
				A909085E1DF8021A00B3447C /* NSBundle+MJRefresh.h */,
				A909085F1DF8021A00B3447C /* NSBundle+MJRefresh.m */,
				A90908601DF8021A00B3447C /* UIScrollView+MJExtension.h */,
				A90908611DF8021A00B3447C /* UIScrollView+MJExtension.m */,
				A90908621DF8021A00B3447C /* UIScrollView+MJRefresh.h */,
				A90908631DF8021A00B3447C /* UIScrollView+MJRefresh.m */,
				A90908641DF8021A00B3447C /* UIView+MJExtension.h */,
				A90908651DF8021A00B3447C /* UIView+MJExtension.m */,
			);
			path = MJRefresh;
			sourceTree = "<group>";
		};
		A90908381DF8021A00B3447C /* Base */ = {
			isa = PBXGroup;
			children = (
				A90908391DF8021A00B3447C /* MJRefreshAutoFooter.h */,
				A909083A1DF8021A00B3447C /* MJRefreshAutoFooter.m */,
				A909083B1DF8021A00B3447C /* MJRefreshBackFooter.h */,
				A909083C1DF8021A00B3447C /* MJRefreshBackFooter.m */,
				A909083D1DF8021A00B3447C /* MJRefreshComponent.h */,
				A909083E1DF8021A00B3447C /* MJRefreshComponent.m */,
				A909083F1DF8021A00B3447C /* MJRefreshFooter.h */,
				A90908401DF8021A00B3447C /* MJRefreshFooter.m */,
				A90908411DF8021A00B3447C /* MJRefreshHeader.h */,
				A90908421DF8021A00B3447C /* MJRefreshHeader.m */,
			);
			path = Base;
			sourceTree = "<group>";
		};
		A90908431DF8021A00B3447C /* Custom */ = {
			isa = PBXGroup;
			children = (
				A90908441DF8021A00B3447C /* Footer */,
				A90908531DF8021A00B3447C /* Header */,
			);
			path = Custom;
			sourceTree = "<group>";
		};
		A90908441DF8021A00B3447C /* Footer */ = {
			isa = PBXGroup;
			children = (
				A90908451DF8021A00B3447C /* Auto */,
				A909084C1DF8021A00B3447C /* Back */,
			);
			path = Footer;
			sourceTree = "<group>";
		};
		A90908451DF8021A00B3447C /* Auto */ = {
			isa = PBXGroup;
			children = (
				A90908461DF8021A00B3447C /* MJRefreshAutoGifFooter.h */,
				A90908471DF8021A00B3447C /* MJRefreshAutoGifFooter.m */,
				A90908481DF8021A00B3447C /* MJRefreshAutoNormalFooter.h */,
				A90908491DF8021A00B3447C /* MJRefreshAutoNormalFooter.m */,
				A909084A1DF8021A00B3447C /* MJRefreshAutoStateFooter.h */,
				A909084B1DF8021A00B3447C /* MJRefreshAutoStateFooter.m */,
			);
			path = Auto;
			sourceTree = "<group>";
		};
		A909084C1DF8021A00B3447C /* Back */ = {
			isa = PBXGroup;
			children = (
				A909084D1DF8021A00B3447C /* MJRefreshBackGifFooter.h */,
				A909084E1DF8021A00B3447C /* MJRefreshBackGifFooter.m */,
				A909084F1DF8021A00B3447C /* MJRefreshBackNormalFooter.h */,
				A90908501DF8021A00B3447C /* MJRefreshBackNormalFooter.m */,
				A90908511DF8021A00B3447C /* MJRefreshBackStateFooter.h */,
				A90908521DF8021A00B3447C /* MJRefreshBackStateFooter.m */,
			);
			path = Back;
			sourceTree = "<group>";
		};
		A90908531DF8021A00B3447C /* Header */ = {
			isa = PBXGroup;
			children = (
				A90908541DF8021A00B3447C /* MJRefreshGifHeader.h */,
				A90908551DF8021A00B3447C /* MJRefreshGifHeader.m */,
				A90908561DF8021A00B3447C /* MJRefreshNormalHeader.h */,
				A90908571DF8021A00B3447C /* MJRefreshNormalHeader.m */,
				A90908581DF8021A00B3447C /* MJRefreshStateHeader.h */,
				A90908591DF8021A00B3447C /* MJRefreshStateHeader.m */,
			);
			path = Header;
			sourceTree = "<group>";
		};
		A90908671DF8021A00B3447C /* RefresDataArray */ = {
			isa = PBXGroup;
			children = (
				A90908681DF8021A00B3447C /* NCMutableArray.h */,
				A90908691DF8021A00B3447C /* NCMutableArray.m */,
				A9C69A1A1DF906C300862E14 /* RefresActionView.h */,
				A9C69A1B1DF906C300862E14 /* RefresActionView.m */,
				A909086A1DF8021A00B3447C /* RefresDataArray.h */,
				A909086B1DF8021A00B3447C /* RefresDataArray.m */,
				A9C69A171DF8FC8300862E14 /* RefresBoleDataArray.h */,
				A9C69A181DF8FC8300862E14 /* RefresBoleDataArray.m */,
				A9C69A141DF8FA6100862E14 /* RefresBranchdDataArray.h */,
				A9C69A151DF8FA6100862E14 /* RefresBranchdDataArray.m */,
			);
			path = RefresDataArray;
			sourceTree = "<group>";
		};
		A99F6B451DF43F1E00919A81 /* ViewControllerFullScreen */ = {
			isa = PBXGroup;
			children = (
				A99F6B461DF43F1E00919A81 /* UIViewController+FullScreen.h */,
				A99F6B471DF43F1E00919A81 /* UIViewController+FullScreen.m */,
			);
			path = ViewControllerFullScreen;
			sourceTree = "<group>";
		};
/* End PBXGroup section */

/* Begin PBXNativeTarget section */
		A907EC0E1DEECE7A00D8C5CF /* PageSwitchView */ = {
			isa = PBXNativeTarget;
			buildConfigurationList = A907EC3C1DEECE7A00D8C5CF /* Build configuration list for PBXNativeTarget "PageSwitchView" */;
			buildPhases = (
				A907EC0B1DEECE7A00D8C5CF /* Sources */,
				A907EC0C1DEECE7A00D8C5CF /* Frameworks */,
				A907EC0D1DEECE7A00D8C5CF /* Resources */,
			);
			buildRules = (
			);
			dependencies = (
			);
			name = PageSwitchView;
			productName = PageSwitchView;
			productReference = A907EC0F1DEECE7A00D8C5CF /* PageSwitchView.app */;
			productType = "com.apple.product-type.application";
		};
		A907EC271DEECE7A00D8C5CF /* PageSwitchViewTests */ = {
			isa = PBXNativeTarget;
			buildConfigurationList = A907EC3F1DEECE7A00D8C5CF /* Build configuration list for PBXNativeTarget "PageSwitchViewTests" */;
			buildPhases = (
				A907EC241DEECE7A00D8C5CF /* Sources */,
				A907EC251DEECE7A00D8C5CF /* Frameworks */,
				A907EC261DEECE7A00D8C5CF /* Resources */,
			);
			buildRules = (
			);
			dependencies = (
				A907EC2A1DEECE7A00D8C5CF /* PBXTargetDependency */,
			);
			name = PageSwitchViewTests;
			productName = PageSwitchViewTests;
			productReference = A907EC281DEECE7A00D8C5CF /* PageSwitchViewTests.xctest */;
			productType = "com.apple.product-type.bundle.unit-test";
		};
		A907EC321DEECE7A00D8C5CF /* PageSwitchViewUITests */ = {
			isa = PBXNativeTarget;
			buildConfigurationList = A907EC421DEECE7A00D8C5CF /* Build configuration list for PBXNativeTarget "PageSwitchViewUITests" */;
			buildPhases = (
				A907EC2F1DEECE7A00D8C5CF /* Sources */,
				A907EC301DEECE7A00D8C5CF /* Frameworks */,
				A907EC311DEECE7A00D8C5CF /* Resources */,
			);
			buildRules = (
			);
			dependencies = (
				A907EC351DEECE7A00D8C5CF /* PBXTargetDependency */,
			);
			name = PageSwitchViewUITests;
			productName = PageSwitchViewUITests;
			productReference = A907EC331DEECE7A00D8C5CF /* PageSwitchViewUITests.xctest */;
			productType = "com.apple.product-type.bundle.ui-testing";
		};
/* End PBXNativeTarget section */

/* Begin PBXProject section */
		A907EC071DEECE7A00D8C5CF /* Project object */ = {
			isa = PBXProject;
			attributes = {
				LastUpgradeCheck = 0810;
				ORGANIZATIONNAME = ylchun;
				TargetAttributes = {
					A907EC0E1DEECE7A00D8C5CF = {
						CreatedOnToolsVersion = 8.1;
						DevelopmentTeam = 5ATRCX89M9;
						ProvisioningStyle = Automatic;
					};
					A907EC271DEECE7A00D8C5CF = {
						CreatedOnToolsVersion = 8.1;
						ProvisioningStyle = Automatic;
						TestTargetID = A907EC0E1DEECE7A00D8C5CF;
					};
					A907EC321DEECE7A00D8C5CF = {
						CreatedOnToolsVersion = 8.1;
						ProvisioningStyle = Automatic;
						TestTargetID = A907EC0E1DEECE7A00D8C5CF;
					};
				};
			};
			buildConfigurationList = A907EC0A1DEECE7A00D8C5CF /* Build configuration list for PBXProject "PageSwitchView" */;
			compatibilityVersion = "Xcode 3.2";
			developmentRegion = English;
			hasScannedForEncodings = 0;
			knownRegions = (
				en,
				Base,
			);
			mainGroup = A907EC061DEECE7A00D8C5CF;
			productRefGroup = A907EC101DEECE7A00D8C5CF /* Products */;
			projectDirPath = "";
			projectRoot = "";
			targets = (
				A907EC0E1DEECE7A00D8C5CF /* PageSwitchView */,
				A907EC271DEECE7A00D8C5CF /* PageSwitchViewTests */,
				A907EC321DEECE7A00D8C5CF /* PageSwitchViewUITests */,
			);
		};
/* End PBXProject section */

/* Begin PBXResourcesBuildPhase section */
		A907EC0D1DEECE7A00D8C5CF /* Resources */ = {
			isa = PBXResourcesBuildPhase;
			buildActionMask = 2147483647;
			files = (
				A907EC221DEECE7A00D8C5CF /* LaunchScreen.storyboard in Resources */,
				A907EC1F1DEECE7A00D8C5CF /* Assets.xcassets in Resources */,
				A909086C1DF8021A00B3447C /* LICENSE in Resources */,
				A909087B1DF8021A00B3447C /* MJRefresh.bundle in Resources */,
				A907EC1D1DEECE7A00D8C5CF /* Main.storyboard in Resources */,
			);
			runOnlyForDeploymentPostprocessing = 0;
		};
		A907EC261DEECE7A00D8C5CF /* Resources */ = {
			isa = PBXResourcesBuildPhase;
			buildActionMask = 2147483647;
			files = (
			);
			runOnlyForDeploymentPostprocessing = 0;
		};
		A907EC311DEECE7A00D8C5CF /* Resources */ = {
			isa = PBXResourcesBuildPhase;
			buildActionMask = 2147483647;
			files = (
			);
			runOnlyForDeploymentPostprocessing = 0;
		};
/* End PBXResourcesBuildPhase section */

/* Begin PBXSourcesBuildPhase section */
		A907EC0B1DEECE7A00D8C5CF /* Sources */ = {
			isa = PBXSourcesBuildPhase;
			buildActionMask = 2147483647;
			files = (
				A907EC821DEECEAF00D8C5CF /* ViewController.m in Sources */,
				A909087D1DF8021A00B3447C /* NSBundle+MJRefresh.m in Sources */,
				A909087C1DF8021A00B3447C /* MJRefreshConst.m in Sources */,
				A907EC731DEECEAF00D8C5CF /* ScrollViewController.m in Sources */,
				A907EC721DEECEAF00D8C5CF /* AppDelegate.m in Sources */,
				A90908791DF8021A00B3447C /* MJRefreshNormalHeader.m in Sources */,
				A90908771DF8021A00B3447C /* MJRefreshBackStateFooter.m in Sources */,
				A907ECC31DEED09400D8C5CF /* SegmentTableView.m in Sources */,
				A90908811DF8021A00B3447C /* README.md in Sources */,
				A907ECA41DEECECD00D8C5CF /* UIGestureRecognizer+Group.m in Sources */,
				A907ECC51DEED09400D8C5CF /* TwoScrollView.m in Sources */,
				A99F6B481DF43F1E00919A81 /* UIViewController+FullScreen.m in Sources */,
				A909086F1DF8021A00B3447C /* MJRefreshComponent.m in Sources */,
				A909087F1DF8021A00B3447C /* UIScrollView+MJRefresh.m in Sources */,
				A9C69A191DF8FC8300862E14 /* RefresBoleDataArray.m in Sources */,
				A95912081DFAA82000579F43 /* _SegmentTableViewCell.m in Sources */,
				A909087E1DF8021A00B3447C /* UIScrollView+MJExtension.m in Sources */,
				A99EE6B01DF64AC70032D271 /* PSViewController.m in Sources */,
				A907EC811DEECEAF00D8C5CF /* TwoScrollViewController.m in Sources */,
				A90908711DF8021A00B3447C /* MJRefreshHeader.m in Sources */,
				A9C69A221DF90B0100862E14 /* PSTableViewController.m in Sources */,
				A90908731DF8021A00B3447C /* MJRefreshAutoNormalFooter.m in Sources */,
				A907ECAB1DEECECD00D8C5CF /* DelegateInterceptor.m in Sources */,
				A92127D21DFEB916002603C1 /* CFunction.m in Sources */,
				A99EE6B31DF653CD0032D271 /* UIScrollView+Other.m in Sources */,
				A9C69A251DF94CAE00862E14 /* SimplePageSwitchView.m in Sources */,
				A90908851DF81AD300B3447C /* UIContentViewCell.m in Sources */,
				A907EC801DEECEAF00D8C5CF /* TableViewController.m in Sources */,
				A907ECA51DEECECD00D8C5CF /* GradientColor.m in Sources */,
				A907ECC41DEED09400D8C5CF /* StretchingHeaderView.m in Sources */,
				A95912051DFA8BA700579F43 /* SimplePageSwitchViewController.m in Sources */,
				A909086E1DF8021A00B3447C /* MJRefreshBackFooter.m in Sources */,
				A90908741DF8021A00B3447C /* MJRefreshAutoStateFooter.m in Sources */,
				A907ECC21DEED09400D8C5CF /* HorizontalTableView.m in Sources */,
				A90908831DF8021A00B3447C /* RefresDataArray.m in Sources */,
				A99F6AF61DF2A4D200919A81 /* NavigationBarTitleView.m in Sources */,
				A981F7D51DF132E6002A44D6 /* UINavigationBar+Background.m in Sources */,
				A9C69A161DF8FA6100862E14 /* RefresBranchdDataArray.m in Sources */,
				A909087A1DF8021A00B3447C /* MJRefreshStateHeader.m in Sources */,
				A909088F1DF824B200B3447C /* ViewController2tab.m in Sources */,
				A907ECC61DEED09400D8C5CF /* UIContentView.m in Sources */,
				A90908801DF8021A00B3447C /* UIView+MJExtension.m in Sources */,
				A9047ECC1DF03A4F0057BCCE /* UIBarBackgroundView.m in Sources */,
				A90908721DF8021A00B3447C /* MJRefreshAutoGifFooter.m in Sources */,
				A907EC741DEECEAF00D8C5CF /* SimpleViewController.m in Sources */,
				A99F6B531DF459DE00919A81 /* PageSwitchViewController.m in Sources */,
				A9C69A1C1DF906C300862E14 /* RefresActionView.m in Sources */,
				A90908751DF8021A00B3447C /* MJRefreshBackGifFooter.m in Sources */,
				A90908781DF8021A00B3447C /* MJRefreshGifHeader.m in Sources */,
				A907EC141DEECE7A00D8C5CF /* main.m in Sources */,
				A90908821DF8021A00B3447C /* NCMutableArray.m in Sources */,
				A99F6B501DF4598700919A81 /* PageSwitchView.m in Sources */,
				A99F6B561DF45A1100919A81 /* PageSwitchItemViewController.m in Sources */,
				A909086D1DF8021A00B3447C /* MJRefreshAutoFooter.m in Sources */,
				A90908761DF8021A00B3447C /* MJRefreshBackNormalFooter.m in Sources */,
				A907ECA61DEECECD00D8C5CF /* PageSwitchItem.m in Sources */,
				A90908701DF8021A00B3447C /* MJRefreshFooter.m in Sources */,
			);
			runOnlyForDeploymentPostprocessing = 0;
		};
		A907EC241DEECE7A00D8C5CF /* Sources */ = {
			isa = PBXSourcesBuildPhase;
			buildActionMask = 2147483647;
			files = (
				A907EC2D1DEECE7A00D8C5CF /* PageSwitchViewTests.m in Sources */,
			);
			runOnlyForDeploymentPostprocessing = 0;
		};
		A907EC2F1DEECE7A00D8C5CF /* Sources */ = {
			isa = PBXSourcesBuildPhase;
			buildActionMask = 2147483647;
			files = (
				A907EC381DEECE7A00D8C5CF /* PageSwitchViewUITests.m in Sources */,
			);
			runOnlyForDeploymentPostprocessing = 0;
		};
/* End PBXSourcesBuildPhase section */

/* Begin PBXTargetDependency section */
		A907EC2A1DEECE7A00D8C5CF /* PBXTargetDependency */ = {
			isa = PBXTargetDependency;
			target = A907EC0E1DEECE7A00D8C5CF /* PageSwitchView */;
			targetProxy = A907EC291DEECE7A00D8C5CF /* PBXContainerItemProxy */;
		};
		A907EC351DEECE7A00D8C5CF /* PBXTargetDependency */ = {
			isa = PBXTargetDependency;
			target = A907EC0E1DEECE7A00D8C5CF /* PageSwitchView */;
			targetProxy = A907EC341DEECE7A00D8C5CF /* PBXContainerItemProxy */;
		};
/* End PBXTargetDependency section */

/* Begin PBXVariantGroup section */
		A907EC1B1DEECE7A00D8C5CF /* Main.storyboard */ = {
			isa = PBXVariantGroup;
			children = (
				A907EC1C1DEECE7A00D8C5CF /* Base */,
			);
			name = Main.storyboard;
			sourceTree = "<group>";
		};
		A907EC201DEECE7A00D8C5CF /* LaunchScreen.storyboard */ = {
			isa = PBXVariantGroup;
			children = (
				A907EC211DEECE7A00D8C5CF /* Base */,
			);
			name = LaunchScreen.storyboard;
			sourceTree = "<group>";
		};
/* End PBXVariantGroup section */

/* Begin XCBuildConfiguration section */
		A907EC3A1DEECE7A00D8C5CF /* Debug */ = {
			isa = XCBuildConfiguration;
			buildSettings = {
				ALWAYS_SEARCH_USER_PATHS = NO;
				CLANG_ANALYZER_NONNULL = YES;
				CLANG_CXX_LANGUAGE_STANDARD = "gnu++0x";
				CLANG_CXX_LIBRARY = "libc++";
				CLANG_ENABLE_MODULES = YES;
				CLANG_ENABLE_OBJC_ARC = YES;
				CLANG_WARN_BOOL_CONVERSION = YES;
				CLANG_WARN_CONSTANT_CONVERSION = YES;
				CLANG_WARN_DIRECT_OBJC_ISA_USAGE = YES_ERROR;
				CLANG_WARN_DOCUMENTATION_COMMENTS = YES;
				CLANG_WARN_EMPTY_BODY = YES;
				CLANG_WARN_ENUM_CONVERSION = YES;
				CLANG_WARN_INFINITE_RECURSION = YES;
				CLANG_WARN_INT_CONVERSION = YES;
				CLANG_WARN_OBJC_ROOT_CLASS = YES_ERROR;
				CLANG_WARN_SUSPICIOUS_MOVES = YES;
				CLANG_WARN_UNREACHABLE_CODE = YES;
				CLANG_WARN__DUPLICATE_METHOD_MATCH = YES;
				"CODE_SIGN_IDENTITY[sdk=iphoneos*]" = "iPhone Developer";
				COPY_PHASE_STRIP = NO;
				DEBUG_INFORMATION_FORMAT = dwarf;
				ENABLE_STRICT_OBJC_MSGSEND = YES;
				ENABLE_TESTABILITY = YES;
				GCC_C_LANGUAGE_STANDARD = gnu99;
				GCC_DYNAMIC_NO_PIC = NO;
				GCC_NO_COMMON_BLOCKS = YES;
				GCC_OPTIMIZATION_LEVEL = 0;
				GCC_PREPROCESSOR_DEFINITIONS = (
					"DEBUG=1",
					"$(inherited)",
				);
				GCC_WARN_64_TO_32_BIT_CONVERSION = YES;
				GCC_WARN_ABOUT_RETURN_TYPE = YES_ERROR;
				GCC_WARN_UNDECLARED_SELECTOR = YES;
				GCC_WARN_UNINITIALIZED_AUTOS = YES_AGGRESSIVE;
				GCC_WARN_UNUSED_FUNCTION = YES;
				GCC_WARN_UNUSED_VARIABLE = YES;
				IPHONEOS_DEPLOYMENT_TARGET = 8.0;
				MTL_ENABLE_DEBUG_INFO = YES;
				ONLY_ACTIVE_ARCH = YES;
				SDKROOT = iphoneos;
				TARGETED_DEVICE_FAMILY = "1,2";
			};
			name = Debug;
		};
		A907EC3B1DEECE7A00D8C5CF /* Release */ = {
			isa = XCBuildConfiguration;
			buildSettings = {
				ALWAYS_SEARCH_USER_PATHS = NO;
				CLANG_ANALYZER_NONNULL = YES;
				CLANG_CXX_LANGUAGE_STANDARD = "gnu++0x";
				CLANG_CXX_LIBRARY = "libc++";
				CLANG_ENABLE_MODULES = YES;
				CLANG_ENABLE_OBJC_ARC = YES;
				CLANG_WARN_BOOL_CONVERSION = YES;
				CLANG_WARN_CONSTANT_CONVERSION = YES;
				CLANG_WARN_DIRECT_OBJC_ISA_USAGE = YES_ERROR;
				CLANG_WARN_DOCUMENTATION_COMMENTS = YES;
				CLANG_WARN_EMPTY_BODY = YES;
				CLANG_WARN_ENUM_CONVERSION = YES;
				CLANG_WARN_INFINITE_RECURSION = YES;
				CLANG_WARN_INT_CONVERSION = YES;
				CLANG_WARN_OBJC_ROOT_CLASS = YES_ERROR;
				CLANG_WARN_SUSPICIOUS_MOVES = YES;
				CLANG_WARN_UNREACHABLE_CODE = YES;
				CLANG_WARN__DUPLICATE_METHOD_MATCH = YES;
				"CODE_SIGN_IDENTITY[sdk=iphoneos*]" = "iPhone Developer";
				COPY_PHASE_STRIP = NO;
				DEBUG_INFORMATION_FORMAT = "dwarf-with-dsym";
				ENABLE_NS_ASSERTIONS = NO;
				ENABLE_STRICT_OBJC_MSGSEND = YES;
				GCC_C_LANGUAGE_STANDARD = gnu99;
				GCC_NO_COMMON_BLOCKS = YES;
				GCC_WARN_64_TO_32_BIT_CONVERSION = YES;
				GCC_WARN_ABOUT_RETURN_TYPE = YES_ERROR;
				GCC_WARN_UNDECLARED_SELECTOR = YES;
				GCC_WARN_UNINITIALIZED_AUTOS = YES_AGGRESSIVE;
				GCC_WARN_UNUSED_FUNCTION = YES;
				GCC_WARN_UNUSED_VARIABLE = YES;
				IPHONEOS_DEPLOYMENT_TARGET = 8.0;
				MTL_ENABLE_DEBUG_INFO = NO;
				SDKROOT = iphoneos;
				TARGETED_DEVICE_FAMILY = "1,2";
				VALIDATE_PRODUCT = YES;
			};
			name = Release;
		};
		A907EC3D1DEECE7A00D8C5CF /* Debug */ = {
			isa = XCBuildConfiguration;
			buildSettings = {
				ASSETCATALOG_COMPILER_APPICON_NAME = AppIcon;
				DEVELOPMENT_TEAM = 5ATRCX89M9;
				INFOPLIST_FILE = PageSwitchView/Info.plist;
				LD_RUNPATH_SEARCH_PATHS = "$(inherited) @executable_path/Frameworks";
				PRODUCT_BUNDLE_IDENTIFIER = com.ppsports.PageSwitchView;
				PRODUCT_NAME = "$(TARGET_NAME)";
			};
			name = Debug;
		};
		A907EC3E1DEECE7A00D8C5CF /* Release */ = {
			isa = XCBuildConfiguration;
			buildSettings = {
				ASSETCATALOG_COMPILER_APPICON_NAME = AppIcon;
				DEVELOPMENT_TEAM = 5ATRCX89M9;
				INFOPLIST_FILE = PageSwitchView/Info.plist;
				LD_RUNPATH_SEARCH_PATHS = "$(inherited) @executable_path/Frameworks";
				PRODUCT_BUNDLE_IDENTIFIER = com.ppsports.PageSwitchView;
				PRODUCT_NAME = "$(TARGET_NAME)";
			};
			name = Release;
		};
		A907EC401DEECE7A00D8C5CF /* Debug */ = {
			isa = XCBuildConfiguration;
			buildSettings = {
				BUNDLE_LOADER = "$(TEST_HOST)";
				INFOPLIST_FILE = PageSwitchViewTests/Info.plist;
				LD_RUNPATH_SEARCH_PATHS = "$(inherited) @executable_path/Frameworks @loader_path/Frameworks";
				PRODUCT_BUNDLE_IDENTIFIER = com.ylchun.PageSwitchViewTests;
				PRODUCT_NAME = "$(TARGET_NAME)";
				TEST_HOST = "$(BUILT_PRODUCTS_DIR)/PageSwitchView.app/PageSwitchView";
			};
			name = Debug;
		};
		A907EC411DEECE7A00D8C5CF /* Release */ = {
			isa = XCBuildConfiguration;
			buildSettings = {
				BUNDLE_LOADER = "$(TEST_HOST)";
				INFOPLIST_FILE = PageSwitchViewTests/Info.plist;
				LD_RUNPATH_SEARCH_PATHS = "$(inherited) @executable_path/Frameworks @loader_path/Frameworks";
				PRODUCT_BUNDLE_IDENTIFIER = com.ylchun.PageSwitchViewTests;
				PRODUCT_NAME = "$(TARGET_NAME)";
				TEST_HOST = "$(BUILT_PRODUCTS_DIR)/PageSwitchView.app/PageSwitchView";
			};
			name = Release;
		};
		A907EC431DEECE7A00D8C5CF /* Debug */ = {
			isa = XCBuildConfiguration;
			buildSettings = {
				INFOPLIST_FILE = PageSwitchViewUITests/Info.plist;
				LD_RUNPATH_SEARCH_PATHS = "$(inherited) @executable_path/Frameworks @loader_path/Frameworks";
				PRODUCT_BUNDLE_IDENTIFIER = com.ylchun.PageSwitchViewUITests;
				PRODUCT_NAME = "$(TARGET_NAME)";
				TEST_TARGET_NAME = PageSwitchView;
			};
			name = Debug;
		};
		A907EC441DEECE7A00D8C5CF /* Release */ = {
			isa = XCBuildConfiguration;
			buildSettings = {
				INFOPLIST_FILE = PageSwitchViewUITests/Info.plist;
				LD_RUNPATH_SEARCH_PATHS = "$(inherited) @executable_path/Frameworks @loader_path/Frameworks";
				PRODUCT_BUNDLE_IDENTIFIER = com.ylchun.PageSwitchViewUITests;
				PRODUCT_NAME = "$(TARGET_NAME)";
				TEST_TARGET_NAME = PageSwitchView;
			};
			name = Release;
		};
/* End XCBuildConfiguration section */

/* Begin XCConfigurationList section */
		A907EC0A1DEECE7A00D8C5CF /* Build configuration list for PBXProject "PageSwitchView" */ = {
			isa = XCConfigurationList;
			buildConfigurations = (
				A907EC3A1DEECE7A00D8C5CF /* Debug */,
				A907EC3B1DEECE7A00D8C5CF /* Release */,
			);
			defaultConfigurationIsVisible = 0;
			defaultConfigurationName = Release;
		};
		A907EC3C1DEECE7A00D8C5CF /* Build configuration list for PBXNativeTarget "PageSwitchView" */ = {
			isa = XCConfigurationList;
			buildConfigurations = (
				A907EC3D1DEECE7A00D8C5CF /* Debug */,
				A907EC3E1DEECE7A00D8C5CF /* Release */,
			);
			defaultConfigurationIsVisible = 0;
			defaultConfigurationName = Release;
		};
		A907EC3F1DEECE7A00D8C5CF /* Build configuration list for PBXNativeTarget "PageSwitchViewTests" */ = {
			isa = XCConfigurationList;
			buildConfigurations = (
				A907EC401DEECE7A00D8C5CF /* Debug */,
				A907EC411DEECE7A00D8C5CF /* Release */,
			);
			defaultConfigurationIsVisible = 0;
			defaultConfigurationName = Release;
		};
		A907EC421DEECE7A00D8C5CF /* Build configuration list for PBXNativeTarget "PageSwitchViewUITests" */ = {
			isa = XCConfigurationList;
			buildConfigurations = (
				A907EC431DEECE7A00D8C5CF /* Debug */,
				A907EC441DEECE7A00D8C5CF /* Release */,
			);
			defaultConfigurationIsVisible = 0;
			defaultConfigurationName = Release;
		};
/* End XCConfigurationList section */
	};
	rootObject = A907EC071DEECE7A00D8C5CF /* Project object */;
}
